
Microsoft Visual Studio Solution File, Format Version 12.00
# Visual Studio 15
VisualStudioVersion = 15.0.28307.757
MinimumVisualStudioVersion = 10.0.40219.1
Project("{8BC9CEB8-8B4A-11D0-8D11-00A0C91BC942}") = "Tarea1", "Tarea1\Tarea1.vcxproj", "{7B6B580C-44AD-4DE6-A9BF-88B7854456D2}"
EndProject
Project("{8BC9CEB8-8B4A-11D0-8D11-00A0C91BC942}") = "Ejemplo_Clases", "Ejemplo_Clases\Ejemplo_Clases.vcxproj", "{3D3A0F3D-24A2-4448-819B-85EEE8ACFCDF}"
EndProject
Project("{8BC9CEB8-8B4A-11D0-8D11-00A0C91BC942}") = "Asteroids_Proyecto", "Asteroids_Proyecto\Asteroids_Proyecto.vcxproj", "{3619E4F3-7E76-4357-B27D-0BB3B6882AC7}"
EndProject
Project("{8BC9CEB8-8B4A-11D0-8D11-00A0C91BC942}") = "Ejemplo_ClaseIvanDeras", "Ejemplo_ClaseIvanDeras\Ejemplo_ClaseIvanDeras.vcxproj", "{706CCEDB-4506-4663-8FAA-68BF115738BD}"
EndProject
Project("{8BC9CEB8-8B4A-11D0-8D11-00A0C91BC942}") = "Memoria Dinamic", "herencia\herencia.vcxproj", "{27BD97EE-1D88-4A9B-9CF3-AD0C24933B08}"
EndProject
Project("{8BC9CEB8-8B4A-11D0-8D11-00A0C91BC942}") = "Clase_Racional", "Clase_Racional\Clase_Racional.vcxproj", "{18B90618-AAE8-49AE-816F-A14101778177}"
EndProject
Project("{8BC9CEB8-8B4A-11D0-8D11-00A0C91BC942}") = "Cadena", "Cadena\Cadena.vcxproj", "{9D927477-36D5-4129-B309-4B6178B74CF6}"
EndProject
Project("{8BC9CEB8-8B4A-11D0-8D11-00A0C91BC942}") = "Examen1", "Examen1\Examen1.vcxproj", "{E70D47E1-452B-437C-A00A-63D518F3CBF8}"
EndProject
Global
	GlobalSection(SolutionConfigurationPlatforms) = preSolution
		Debug|x64 = Debug|x64
		Debug|x86 = Debug|x86
		Release|x64 = Release|x64
		Release|x86 = Release|x86
	EndGlobalSection
	GlobalSection(ProjectConfigurationPlatforms) = postSolution
		{7B6B580C-44AD-4DE6-A9BF-88B7854456D2}.Debug|x64.ActiveCfg = Debug|x64
		{7B6B580C-44AD-4DE6-A9BF-88B7854456D2}.Debug|x64.Build.0 = Debug|x64
		{7B6B580C-44AD-4DE6-A9BF-88B7854456D2}.Debug|x86.ActiveCfg = Debug|Win32
		{7B6B580C-44AD-4DE6-A9BF-88B7854456D2}.Debug|x86.Build.0 = Debug|Win32
		{7B6B580C-44AD-4DE6-A9BF-88B7854456D2}.Release|x64.ActiveCfg = Release|x64
		{7B6B580C-44AD-4DE6-A9BF-88B7854456D2}.Release|x64.Build.0 = Release|x64
		{7B6B580C-44AD-4DE6-A9BF-88B7854456D2}.Release|x86.ActiveCfg = Release|Win32
		{7B6B580C-44AD-4DE6-A9BF-88B7854456D2}.Release|x86.Build.0 = Release|Win32
		{3D3A0F3D-24A2-4448-819B-85EEE8ACFCDF}.Debug|x64.ActiveCfg = Debug|x64
		{3D3A0F3D-24A2-4448-819B-85EEE8ACFCDF}.Debug|x64.Build.0 = Debug|x64
		{3D3A0F3D-24A2-4448-819B-85EEE8ACFCDF}.Debug|x86.ActiveCfg = Debug|Win32
		{3D3A0F3D-24A2-4448-819B-85EEE8ACFCDF}.Debug|x86.Build.0 = Debug|Win32
		{3D3A0F3D-24A2-4448-819B-85EEE8ACFCDF}.Release|x64.ActiveCfg = Release|x64
		{3D3A0F3D-24A2-4448-819B-85EEE8ACFCDF}.Release|x64.Build.0 = Release|x64
		{3D3A0F3D-24A2-4448-819B-85EEE8ACFCDF}.Release|x86.ActiveCfg = Release|Win32
		{3D3A0F3D-24A2-4448-819B-85EEE8ACFCDF}.Release|x86.Build.0 = Release|Win32
		{3619E4F3-7E76-4357-B27D-0BB3B6882AC7}.Debug|x64.ActiveCfg = Debug|x64
		{3619E4F3-7E76-4357-B27D-0BB3B6882AC7}.Debug|x64.Build.0 = Debug|x64
		{3619E4F3-7E76-4357-B27D-0BB3B6882AC7}.Debug|x86.ActiveCfg = Debug|Win32
		{3619E4F3-7E76-4357-B27D-0BB3B6882AC7}.Debug|x86.Build.0 = Debug|Win32
		{3619E4F3-7E76-4357-B27D-0BB3B6882AC7}.Release|x64.ActiveCfg = Release|x64
		{3619E4F3-7E76-4357-B27D-0BB3B6882AC7}.Release|x64.Build.0 = Release|x64
		{3619E4F3-7E76-4357-B27D-0BB3B6882AC7}.Release|x86.ActiveCfg = Release|Win32
		{3619E4F3-7E76-4357-B27D-0BB3B6882AC7}.Release|x86.Build.0 = Release|Win32
		{706CCEDB-4506-4663-8FAA-68BF115738BD}.Debug|x64.ActiveCfg = Debug|x64
		{706CCEDB-4506-4663-8FAA-68BF115738BD}.Debug|x64.Build.0 = Debug|x64
		{706CCEDB-4506-4663-8FAA-68BF115738BD}.Debug|x86.ActiveCfg = Debug|Win32
		{706CCEDB-4506-4663-8FAA-68BF115738BD}.Debug|x86.Build.0 = Debug|Win32
		{706CCEDB-4506-4663-8FAA-68BF115738BD}.Release|x64.ActiveCfg = Release|x64
		{706CCEDB-4506-4663-8FAA-68BF115738BD}.Release|x64.Build.0 = Release|x64
		{706CCEDB-4506-4663-8FAA-68BF115738BD}.Release|x86.ActiveCfg = Release|Win32
		{706CCEDB-4506-4663-8FAA-68BF115738BD}.Release|x86.Build.0 = Release|Win32
		{27BD97EE-1D88-4A9B-9CF3-AD0C24933B08}.Debug|x64.ActiveCfg = Debug|x64
		{27BD97EE-1D88-4A9B-9CF3-AD0C24933B08}.Debug|x64.Build.0 = Debug|x64
		{27BD97EE-1D88-4A9B-9CF3-AD0C24933B08}.Debug|x86.ActiveCfg = Debug|Win32
		{27BD97EE-1D88-4A9B-9CF3-AD0C24933B08}.Debug|x86.Build.0 = Debug|Win32
		{27BD97EE-1D88-4A9B-9CF3-AD0C24933B08}.Release|x64.ActiveCfg = Release|x64
		{27BD97EE-1D88-4A9B-9CF3-AD0C24933B08}.Release|x64.Build.0 = Release|x64
		{27BD97EE-1D88-4A9B-9CF3-AD0C24933B08}.Release|x86.ActiveCfg = Release|Win32
		{27BD97EE-1D88-4A9B-9CF3-AD0C24933B08}.Release|x86.Build.0 = Release|Win32
		{18B90618-AAE8-49AE-816F-A14101778177}.Debug|x64.ActiveCfg = Debug|x64
		{18B90618-AAE8-49AE-816F-A14101778177}.Debug|x64.Build.0 = Debug|x64
		{18B90618-AAE8-49AE-816F-A14101778177}.Debug|x86.ActiveCfg = Debug|Win32
		{18B90618-AAE8-49AE-816F-A14101778177}.Debug|x86.Build.0 = Debug|Win32
		{18B90618-AAE8-49AE-816F-A14101778177}.Release|x64.ActiveCfg = Release|x64
		{18B90618-AAE8-49AE-816F-A14101778177}.Release|x64.Build.0 = Release|x64
		{18B90618-AAE8-49AE-816F-A14101778177}.Release|x86.ActiveCfg = Release|Win32
		{18B90618-AAE8-49AE-816F-A14101778177}.Release|x86.Build.0 = Release|Win32
		{9D927477-36D5-4129-B309-4B6178B74CF6}.Debug|x64.ActiveCfg = Debug|x64
		{9D927477-36D5-4129-B309-4B6178B74CF6}.Debug|x64.Build.0 = Debug|x64
		{9D927477-36D5-4129-B309-4B6178B74CF6}.Debug|x86.ActiveCfg = Debug|Win32
		{9D927477-36D5-4129-B309-4B6178B74CF6}.Debug|x86.Build.0 = Debug|Win32
		{9D927477-36D5-4129-B309-4B6178B74CF6}.Release|x64.ActiveCfg = Release|x64
		{9D927477-36D5-4129-B309-4B6178B74CF6}.Release|x64.Build.0 = Release|x64
		{9D927477-36D5-4129-B309-4B6178B74CF6}.Release|x86.ActiveCfg = Release|Win32
		{9D927477-36D5-4129-B309-4B6178B74CF6}.Release|x86.Build.0 = Release|Win32
		{E70D47E1-452B-437C-A00A-63D518F3CBF8}.Debug|x64.ActiveCfg = Debug|x64
		{E70D47E1-452B-437C-A00A-63D518F3CBF8}.Debug|x64.Build.0 = Debug|x64
		{E70D47E1-452B-437C-A00A-63D518F3CBF8}.Debug|x86.ActiveCfg = Debug|Win32
		{E70D47E1-452B-437C-A00A-63D518F3CBF8}.Debug|x86.Build.0 = Debug|Win32
		{E70D47E1-452B-437C-A00A-63D518F3CBF8}.Release|x64.ActiveCfg = Release|x64
		{E70D47E1-452B-437C-A00A-63D518F3CBF8}.Release|x64.Build.0 = Release|x64
		{E70D47E1-452B-437C-A00A-63D518F3CBF8}.Release|x86.ActiveCfg = Release|Win32
		{E70D47E1-452B-437C-A00A-63D518F3CBF8}.Release|x86.Build.0 = Release|Win32
	EndGlobalSection
	GlobalSection(SolutionProperties) = preSolution
		HideSolutionNode = FALSE
	EndGlobalSection
	GlobalSection(ExtensibilityGlobals) = postSolution
		SolutionGuid = {C3B0E11F-8E64-4205-B40A-F86E033CA64D}
	EndGlobalSection
EndGlobal
